// !$*UTF8*$!
{
	archiveVersion = 1;
	classes = {
	};
	objectVersion = 46;
	objects = {

/* Begin PBXBuildFile section */
		5B05D937F335639ACF4703B3 /* Pods_Example.framework in Frameworks */ = {isa = PBXBuildFile; fileRef = 7DFE11480EA1AE96759E1AAB /* Pods_Example.framework */; };
		DFA1626C1E28B5A800042F77 /* AppDelegate.swift in Sources */ = {isa = PBXBuildFile; fileRef = DFA1626B1E28B5A800042F77 /* AppDelegate.swift */; };
		DFA1626E1E28B5A800042F77 /* ViewController.swift in Sources */ = {isa = PBXBuildFile; fileRef = DFA1626D1E28B5A800042F77 /* ViewController.swift */; };
		DFA162711E28B5A800042F77 /* Main.storyboard in Resources */ = {isa = PBXBuildFile; fileRef = DFA1626F1E28B5A800042F77 /* Main.storyboard */; };
		DFA162731E28B5A800042F77 /* Assets.xcassets in Resources */ = {isa = PBXBuildFile; fileRef = DFA162721E28B5A800042F77 /* Assets.xcassets */; };
		DFA162761E28B5A800042F77 /* LaunchScreen.storyboard in Resources */ = {isa = PBXBuildFile; fileRef = DFA162741E28B5A800042F77 /* LaunchScreen.storyboard */; };
/* End PBXBuildFile section */

/* Begin PBXFileReference section */
		7DFE11480EA1AE96759E1AAB /* Pods_Example.framework */ = {isa = PBXFileReference; explicitFileType = wrapper.framework; includeInIndex = 0; path = Pods_Example.framework; sourceTree = BUILT_PRODUCTS_DIR; };
		AF5E83376DA3BCEE02E1B394 /* Pods-Example.release.xcconfig */ = {isa = PBXFileReference; includeInIndex = 1; lastKnownFileType = text.xcconfig; name = "Pods-Example.release.xcconfig"; path = "Pods/Target Support Files/Pods-Example/Pods-Example.release.xcconfig"; sourceTree = "<group>"; };
		D29C63D3483FAEC18D1E6FEB /* Pods-Example.debug.xcconfig */ = {isa = PBXFileReference; includeInIndex = 1; lastKnownFileType = text.xcconfig; name = "Pods-Example.debug.xcconfig"; path = "Pods/Target Support Files/Pods-Example/Pods-Example.debug.xcconfig"; sourceTree = "<group>"; };
		DFA162681E28B5A800042F77 /* Example.app */ = {isa = PBXFileReference; explicitFileType = wrapper.application; includeInIndex = 0; path = Example.app; sourceTree = BUILT_PRODUCTS_DIR; };
		DFA1626B1E28B5A800042F77 /* AppDelegate.swift */ = {isa = PBXFileReference; lastKnownFileType = sourcecode.swift; path = AppDelegate.swift; sourceTree = "<group>"; };
		DFA1626D1E28B5A800042F77 /* ViewController.swift */ = {isa = PBXFileReference; lastKnownFileType = sourcecode.swift; path = ViewController.swift; sourceTree = "<group>"; };
		DFA162701E28B5A800042F77 /* Base */ = {isa = PBXFileReference; lastKnownFileType = file.storyboard; name = Base; path = Base.lproj/Main.storyboard; sourceTree = "<group>"; };
		DFA162721E28B5A800042F77 /* Assets.xcassets */ = {isa = PBXFileReference; lastKnownFileType = folder.assetcatalog; path = Assets.xcassets; sourceTree = "<group>"; };
		DFA162751E28B5A800042F77 /* Base */ = {isa = PBXFileReference; lastKnownFileType = file.storyboard; name = Base; path = Base.lproj/LaunchScreen.storyboard; sourceTree = "<group>"; };
		DFA162771E28B5A800042F77 /* Info.plist */ = {isa = PBXFileReference; lastKnownFileType = text.plist.xml; path = Info.plist; sourceTree = "<group>"; };
/* End PBXFileReference section */

/* Begin PBXFrameworksBuildPhase section */
		DFA162651E28B5A800042F77 /* Frameworks */ = {
			isa = PBXFrameworksBuildPhase;
			buildActionMask = 2147483647;
			files = (
				5B05D937F335639ACF4703B3 /* Pods_Example.framework in Frameworks */,
			);
			runOnlyForDeploymentPostprocessing = 0;
		};
/* End PBXFrameworksBuildPhase section */

/* Begin PBXGroup section */
		009349EEE9D9EB78DCA61CFE /* Frameworks */ = {
			isa = PBXGroup;
			children = (
				7DFE11480EA1AE96759E1AAB /* Pods_Example.framework */,
			);
			name = Frameworks;
			sourceTree = "<group>";
		};
		DFA1625F1E28B5A800042F77 = {
			isa = PBXGroup;
			children = (
				DFA1626A1E28B5A800042F77 /* Example */,
				DFA162691E28B5A800042F77 /* Products */,
				EF162A242C11E9827CFE5C99 /* Pods */,
				009349EEE9D9EB78DCA61CFE /* Frameworks */,
			);
			sourceTree = "<group>";
		};
		DFA162691E28B5A800042F77 /* Products */ = {
			isa = PBXGroup;
			children = (
				DFA162681E28B5A800042F77 /* Example.app */,
			);
			name = Products;
			sourceTree = "<group>";
		};
		DFA1626A1E28B5A800042F77 /* Example */ = {
			isa = PBXGroup;
			children = (
				DFA1626B1E28B5A800042F77 /* AppDelegate.swift */,
				DFA1626D1E28B5A800042F77 /* ViewController.swift */,
				DFA1626F1E28B5A800042F77 /* Main.storyboard */,
				DFA162721E28B5A800042F77 /* Assets.xcassets */,
				DFA162741E28B5A800042F77 /* LaunchScreen.storyboard */,
				DFA162771E28B5A800042F77 /* Info.plist */,
			);
			path = Example;
			sourceTree = "<group>";
		};
		EF162A242C11E9827CFE5C99 /* Pods */ = {
			isa = PBXGroup;
			children = (
				D29C63D3483FAEC18D1E6FEB /* Pods-Example.debug.xcconfig */,
				AF5E83376DA3BCEE02E1B394 /* Pods-Example.release.xcconfig */,
			);
			name = Pods;
			sourceTree = "<group>";
		};
/* End PBXGroup section */

/* Begin PBXNativeTarget section */
		DFA162671E28B5A800042F77 /* Example */ = {
			isa = PBXNativeTarget;
			buildConfigurationList = DFA1627A1E28B5A800042F77 /* Build configuration list for PBXNativeTarget "Example" */;
			buildPhases = (
				66E6B7E462AEC503C6294A38 /* [CP] Check Pods Manifest.lock */,
				DFA162641E28B5A800042F77 /* Sources */,
				DFA162651E28B5A800042F77 /* Frameworks */,
				DFA162661E28B5A800042F77 /* Resources */,
				D90126A2F1C3C677232EBC35 /* [CP] Embed Pods Frameworks */,
				D90527BA5D8579D1E99D41EB /* [CP] Copy Pods Resources */,
			);
			buildRules = (
			);
			dependencies = (
			);
			name = Example;
			productName = Example;
			productReference = DFA162681E28B5A800042F77 /* Example.app */;
			productType = "com.apple.product-type.application";
		};
/* End PBXNativeTarget section */

/* Begin PBXProject section */
		DFA162601E28B5A800042F77 /* Project object */ = {
			isa = PBXProject;
			attributes = {
				LastSwiftUpdateCheck = 0820;
				LastUpgradeCheck = 0820;
				ORGANIZATIONNAME = "木耳ちゃん";
				TargetAttributes = {
					DFA162671E28B5A800042F77 = {
						CreatedOnToolsVersion = 8.2.1;
						DevelopmentTeam = 9BYQ7BRR53;
						ProvisioningStyle = Automatic;
					};
				};
			};
			buildConfigurationList = DFA162631E28B5A800042F77 /* Build configuration list for PBXProject "Example" */;
			compatibilityVersion = "Xcode 3.2";
			developmentRegion = English;
			hasScannedForEncodings = 0;
			knownRegions = (
				en,
				Base,
			);
			mainGroup = DFA1625F1E28B5A800042F77;
			productRefGroup = DFA162691E28B5A800042F77 /* Products */;
			projectDirPath = "";
			projectRoot = "";
			targets = (
				DFA162671E28B5A800042F77 /* Example */,
			);
		};
/* End PBXProject section */

/* Begin PBXResourcesBuildPhase section */
		DFA162661E28B5A800042F77 /* Resources */ = {
			isa = PBXResourcesBuildPhase;
			buildActionMask = 2147483647;
			files = (
				DFA162761E28B5A800042F77 /* LaunchScreen.storyboard in Resources */,
				DFA162731E28B5A800042F77 /* Assets.xcassets in Resources */,
				DFA162711E28B5A800042F77 /* Main.storyboard in Resources */,
			);
			runOnlyForDeploymentPostprocessing = 0;
		};
/* End PBXResourcesBuildPhase section */

/* Begin PBXShellScriptBuildPhase section */
		66E6B7E462AEC503C6294A38 /* [CP] Check Pods Manifest.lock */ = {
			isa = PBXShellScriptBuildPhase;
			buildActionMask = 2147483647;
			files = (
			);
			inputPaths = (
			);
			name = "[CP] Check Pods Manifest.lock";
			outputPaths = (
			);
			runOnlyForDeploymentPostprocessing = 0;
			shellPath = /bin/sh;
			shellScript = "diff \"${PODS_ROOT}/../Podfile.lock\" \"${PODS_ROOT}/Manifest.lock\" > /dev/null\nif [ $? != 0 ] ; then\n    # print error to STDERR\n    echo \"error: The sandbox is not in sync with the Podfile.lock. Run 'pod install' or update your CocoaPods installation.\" >&2\n    exit 1\nfi\n";
			showEnvVarsInLog = 0;
		};
		D90126A2F1C3C677232EBC35 /* [CP] Embed Pods Frameworks */ = {
			isa = PBXShellScriptBuildPhase;
			buildActionMask = 2147483647;
			files = (
			);
			inputPaths = (
			);
			name = "[CP] Embed Pods Frameworks";
			outputPaths = (
			);
			runOnlyForDeploymentPostprocessing = 0;
			shellPath = /bin/sh;
			shellScript = "\"${SRCROOT}/Pods/Target Support Files/Pods-Example/Pods-Example-frameworks.sh\"\n";
			showEnvVarsInLog = 0;
		};
		D90527BA5D8579D1E99D41EB /* [CP] Copy Pods Resources */ = {
			isa = PBXShellScriptBuildPhase;
			buildActionMask = 2147483647;
			files = (
			);
			inputPaths = (
			);
			name = "[CP] Copy Pods Resources";
			outputPaths = (
			);
			runOnlyForDeploymentPostprocessing = 0;
			shellPath = /bin/sh;
			shellScript = "\"${SRCROOT}/Pods/Target Support Files/Pods-Example/Pods-Example-resources.sh\"\n";
			showEnvVarsInLog = 0;
		};
/* End PBXShellScriptBuildPhase section */

/* Begin PBXSourcesBuildPhase section */
		DFA162641E28B5A800042F77 /* Sources */ = {
			isa = PBXSourcesBuildPhase;
			buildActionMask = 2147483647;
			files = (
				DFA1626E1E28B5A800042F77 /* ViewController.swift in Sources */,
				DFA1626C1E28B5A800042F77 /* AppDelegate.swift in Sources */,
			);
			runOnlyForDeploymentPostprocessing = 0;
		};
/* End PBXSourcesBuildPhase section */

/* Begin PBXVariantGroup section */
		DFA1626F1E28B5A800042F77 /* Main.storyboard */ = {
			isa = PBXVariantGroup;
			children = (
				DFA162701E28B5A800042F77 /* Base */,
			);
			name = Main.storyboard;
			sourceTree = "<group>";
		};
		DFA162741E28B5A800042F77 /* LaunchScreen.storyboard */ = {
			isa = PBXVariantGroup;
			children = (
				DFA162751E28B5A800042F77 /* Base */,
			);
			name = LaunchScreen.storyboard;
			sourceTree = "<group>";
		};
/* End PBXVariantGroup section */

/* Begin XCBuildConfiguration section */
		DFA162781E28B5A800042F77 /* Debug */ = {
			isa = XCBuildConfiguration;
			buildSettings = {
				ALWAYS_SEARCH_USER_PATHS = NO;
				CLANG_ANALYZER_NONNULL = YES;
				CLANG_CXX_LANGUAGE_STANDARD = "gnu++0x";
				CLANG_CXX_LIBRARY = "libc++";
				CLANG_ENABLE_MODULES = YES;
				CLANG_ENABLE_OBJC_ARC = YES;
				CLANG_WARN_BOOL_CONVERSION = YES;
				CLANG_WARN_CONSTANT_CONVERSION = YES;
				CLANG_WARN_DIRECT_OBJC_ISA_USAGE = YES_ERROR;
				CLANG_WARN_DOCUMENTATION_COMMENTS = YES;
				CLANG_WARN_EMPTY_BODY = YES;
				CLANG_WARN_ENUM_CONVERSION = YES;
				CLANG_WARN_INFINITE_RECURSION = YES;
				CLANG_WARN_INT_CONVERSION = YES;
				CLANG_WARN_OBJC_ROOT_CLASS = YES_ERROR;
				CLANG_WARN_SUSPICIOUS_MOVE = YES;
				CLANG_WARN_UNREACHABLE_CODE = YES;
				CLANG_WARN__DUPLICATE_METHOD_MATCH = YES;
				"CODE_SIGN_IDENTITY[sdk=iphoneos*]" = "iPhone Developer";
				COPY_PHASE_STRIP = NO;
				DEBUG_INFORMATION_FORMAT = dwarf;
				ENABLE_STRICT_OBJC_MSGSEND = YES;
				ENABLE_TESTABILITY = YES;
				GCC_C_LANGUAGE_STANDARD = gnu99;
				GCC_DYNAMIC_NO_PIC = NO;
				GCC_NO_COMMON_BLOCKS = YES;
				GCC_OPTIMIZATION_LEVEL = 0;
				GCC_PREPROCESSOR_DEFINITIONS = (
					"DEBUG=1",
					"$(inherited)",
				);
				GCC_WARN_64_TO_32_BIT_CONVERSION = YES;
				GCC_WARN_ABOUT_RETURN_TYPE = YES_ERROR;
				GCC_WARN_UNDECLARED_SELECTOR = YES;
				GCC_WARN_UNINITIALIZED_AUTOS = YES_AGGRESSIVE;
				GCC_WARN_UNUSED_FUNCTION = YES;
				GCC_WARN_UNUSED_VARIABLE = YES;
				IPHONEOS_DEPLOYMENT_TARGET = 10.2;
				MTL_ENABLE_DEBUG_INFO = YES;
				ONLY_ACTIVE_ARCH = YES;
				SDKROOT = iphoneos;
				SWIFT_ACTIVE_COMPILATION_CONDITIONS = DEBUG;
				SWIFT_OPTIMIZATION_LEVEL = "-Onone";
			};
			name = Debug;
		};
		DFA162791E28B5A800042F77 /* Release */ = {
			isa = XCBuildConfiguration;
			buildSettings = {
				ALWAYS_SEARCH_USER_PATHS = NO;
				CLANG_ANALYZER_NONNULL = YES;
				CLANG_CXX_LANGUAGE_STANDARD = "gnu++0x";
				CLANG_CXX_LIBRARY = "libc++";
				CLANG_ENABLE_MODULES = YES;
				CLANG_ENABLE_OBJC_ARC = YES;
				CLANG_WARN_BOOL_CONVERSION = YES;
				CLANG_WARN_CONSTANT_CONVERSION = YES;
				CLANG_WARN_DIRECT_OBJC_ISA_USAGE = YES_ERROR;
				CLANG_WARN_DOCUMENTATION_COMMENTS = YES;
				CLANG_WARN_EMPTY_BODY = YES;
				CLANG_WARN_ENUM_CONVERSION = YES;
				CLANG_WARN_INFINITE_RECURSION = YES;
				CLANG_WARN_INT_CONVERSION = YES;
				CLANG_WARN_OBJC_ROOT_CLASS = YES_ERROR;
				CLANG_WARN_SUSPICIOUS_MOVE = YES;
				CLANG_WARN_UNREACHABLE_CODE = YES;
				CLANG_WARN__DUPLICATE_METHOD_MATCH = YES;
				"CODE_SIGN_IDENTITY[sdk=iphoneos*]" = "iPhone Developer";
				COPY_PHASE_STRIP = NO;
				DEBUG_INFORMATION_FORMAT = "dwarf-with-dsym";
				ENABLE_NS_ASSERTIONS = NO;
				ENABLE_STRICT_OBJC_MSGSEND = YES;
				GCC_C_LANGUAGE_STANDARD = gnu99;
				GCC_NO_COMMON_BLOCKS = YES;
				GCC_WARN_64_TO_32_BIT_CONVERSION = YES;
				GCC_WARN_ABOUT_RETURN_TYPE = YES_ERROR;
				GCC_WARN_UNDECLARED_SELECTOR = YES;
				GCC_WARN_UNINITIALIZED_AUTOS = YES_AGGRESSIVE;
				GCC_WARN_UNUSED_FUNCTION = YES;
				GCC_WARN_UNUSED_VARIABLE = YES;
				IPHONEOS_DEPLOYMENT_TARGET = 10.2;
				MTL_ENABLE_DEBUG_INFO = NO;
				SDKROOT = iphoneos;
				SWIFT_OPTIMIZATION_LEVEL = "-Owholemodule";
				VALIDATE_PRODUCT = YES;
			};
			name = Release;
		};
		DFA1627B1E28B5A800042F77 /* Debug */ = {
			isa = XCBuildConfiguration;
			baseConfigurationReference = D29C63D3483FAEC18D1E6FEB /* Pods-Example.debug.xcconfig */;
			buildSettings = {
				ASSETCATALOG_COMPILER_APPICON_NAME = AppIcon;
				DEVELOPMENT_TEAM = 9BYQ7BRR53;
				INFOPLIST_FILE = Example/Info.plist;
				IPHONEOS_DEPLOYMENT_TARGET = 8.0;
				LD_RUNPATH_SEARCH_PATHS = "$(inherited) @executable_path/Frameworks";
				PRODUCT_BUNDLE_IDENTIFIER = netgroup.sakura.ne.jp.Example;
				PRODUCT_NAME = "$(TARGET_NAME)";
				SWIFT_VERSION = 3.0;
			};
			name = Debug;
		};
		DFA1627C1E28B5A800042F77 /* Release */ = {
			isa = XCBuildConfiguration;
			baseConfigurationReference = AF5E83376DA3BCEE02E1B394 /* Pods-Example.release.xcconfig */;
			buildSettings = {
				ASSETCATALOG_COMPILER_APPICON_NAME = AppIcon;
				DEVELOPMENT_TEAM = 9BYQ7BRR53;
				INFOPLIST_FILE = Example/Info.plist;
				IPHONEOS_DEPLOYMENT_TARGET = 8.0;
				LD_RUNPATH_SEARCH_PATHS = "$(inherited) @executable_path/Frameworks";
				PRODUCT_BUNDLE_IDENTIFIER = netgroup.sakura.ne.jp.Example;
				PRODUCT_NAME = "$(TARGET_NAME)";
				SWIFT_VERSION = 3.0;
			};
			name = Release;
		};
/* End XCBuildConfiguration section */

/* Begin XCConfigurationList section */
		DFA162631E28B5A800042F77 /* Build configuration list for PBXProject "Example" */ = {
			isa = XCConfigurationList;
			buildConfigurations = (
				DFA162781E28B5A800042F77 /* Debug */,
				DFA162791E28B5A800042F77 /* Release */,
			);
			defaultConfigurationIsVisible = 0;
			defaultConfigurationName = Release;
		};
		DFA1627A1E28B5A800042F77 /* Build configuration list for PBXNativeTarget "Example" */ = {
			isa = XCConfigurationList;
			buildConfigurations = (
				DFA1627B1E28B5A800042F77 /* Debug */,
				DFA1627C1E28B5A800042F77 /* Release */,
			);
			defaultConfigurationIsVisible = 0;
		};
/* End XCConfigurationList section */
	};
	rootObject = DFA162601E28B5A800042F77 /* Project object */;
}
